<Solution>
  <Project Path="DataLibrary/DataLibrary.csproj" />
  <Project Path="TradeCenterApi/TradeCenterApi.csproj" />
  <Project Path="TradeCenterApp/TradeCenterApp.csproj" Id="f7999600-3ac8-44ae-b542-689ee03074ca" />
  <Project Path="TradeCenterWeb/TradeCenterWeb.csproj" Id="ac624d27-3119-4bfd-85a3-9f3b14ba4710" />
</Solution>
